
Microsoft Visual Studio Solution File, Format Version 12.00
# Visual Studio Version 16
VisualStudioVersion = 16.0.30413.136
MinimumVisualStudioVersion = 10.0.40219.1
Project("{FAE04EC0-301F-11D3-BF4B-00C04F79EFBC}") = "Task_4", "Task_4\Task_4.csproj", "{CD66A707-0679-4401-9951-79BD2210265D}"
EndProject
Global
	GlobalSection(SolutionConfigurationPlatforms) = preSolution
		Debug|Any CPU = Debug|Any CPU
		Release|Any CPU = Release|Any CPU
	EndGlobalSection
	GlobalSection(ProjectConfigurationPlatforms) = postSolution
		{CD66A707-0679-4401-9951-79BD2210265D}.Debug|Any CPU.ActiveCfg = Debug|Any CPU
		{CD66A707-0679-4401-9951-79BD2210265D}.Debug|Any CPU.Build.0 = Debug|Any CPU
		{CD66A707-0679-4401-9951-79BD2210265D}.Release|Any CPU.ActiveCfg = Release|Any CPU
		{CD66A707-0679-4401-9951-79BD2210265D}.Release|Any CPU.Build.0 = Release|Any CPU
	EndGlobalSection
	GlobalSection(SolutionProperties) = preSolution
		HideSolutionNode = FALSE
	EndGlobalSection
	GlobalSection(ExtensibilityGlobals) = postSolution
		SolutionGuid = {4B114468-B225-4A6F-8654-6F4A9D50F5CF}
	EndGlobalSection
EndGlobal
