
Microsoft Visual Studio Solution File, Format Version 12.00
# Visual Studio Version 16
VisualStudioVersion = 16.0.29519.87
MinimumVisualStudioVersion = 10.0.40219.1
Project("{9A19103F-16F7-4668-BE54-9A1E7A4F7556}") = "Task_1", "Task_1\Task_1.csproj", "{CBB64025-97F7-4C50-B39A-7B09EAFB582D}"
EndProject
Project("{9A19103F-16F7-4668-BE54-9A1E7A4F7556}") = "Task_2", "Task_02\Task_2.csproj", "{0C119D54-849A-454D-809A-FFBB2237F39E}"
EndProject
Project("{9A19103F-16F7-4668-BE54-9A1E7A4F7556}") = "ASCIIDecoder", "ASCIIDecoder\ASCIIDecoder.csproj", "{8FD03900-B006-430D-BB0C-E8BBBA49AE92}"
EndProject
Project("{9A19103F-16F7-4668-BE54-9A1E7A4F7556}") = "Task_4", "Task_04\Task_4.csproj", "{CED3C3A6-D7F6-4394-B7DB-484D139D9973}"
EndProject
Project("{9A19103F-16F7-4668-BE54-9A1E7A4F7556}") = "Task_5", "Task_5\Task_5.csproj", "{3B690D56-5766-4FF7-B417-BA9514A82044}"
EndProject
Global
	GlobalSection(SolutionConfigurationPlatforms) = preSolution
		Debug|Any CPU = Debug|Any CPU
		Release|Any CPU = Release|Any CPU
	EndGlobalSection
	GlobalSection(ProjectConfigurationPlatforms) = postSolution
		{CBB64025-97F7-4C50-B39A-7B09EAFB582D}.Debug|Any CPU.ActiveCfg = Debug|Any CPU
		{CBB64025-97F7-4C50-B39A-7B09EAFB582D}.Debug|Any CPU.Build.0 = Debug|Any CPU
		{CBB64025-97F7-4C50-B39A-7B09EAFB582D}.Release|Any CPU.ActiveCfg = Release|Any CPU
		{CBB64025-97F7-4C50-B39A-7B09EAFB582D}.Release|Any CPU.Build.0 = Release|Any CPU
		{0C119D54-849A-454D-809A-FFBB2237F39E}.Debug|Any CPU.ActiveCfg = Debug|Any CPU
		{0C119D54-849A-454D-809A-FFBB2237F39E}.Debug|Any CPU.Build.0 = Debug|Any CPU
		{0C119D54-849A-454D-809A-FFBB2237F39E}.Release|Any CPU.ActiveCfg = Release|Any CPU
		{0C119D54-849A-454D-809A-FFBB2237F39E}.Release|Any CPU.Build.0 = Release|Any CPU
		{8FD03900-B006-430D-BB0C-E8BBBA49AE92}.Debug|Any CPU.ActiveCfg = Debug|Any CPU
		{8FD03900-B006-430D-BB0C-E8BBBA49AE92}.Debug|Any CPU.Build.0 = Debug|Any CPU
		{8FD03900-B006-430D-BB0C-E8BBBA49AE92}.Release|Any CPU.ActiveCfg = Release|Any CPU
		{8FD03900-B006-430D-BB0C-E8BBBA49AE92}.Release|Any CPU.Build.0 = Release|Any CPU
		{CED3C3A6-D7F6-4394-B7DB-484D139D9973}.Debug|Any CPU.ActiveCfg = Debug|Any CPU
		{CED3C3A6-D7F6-4394-B7DB-484D139D9973}.Debug|Any CPU.Build.0 = Debug|Any CPU
		{CED3C3A6-D7F6-4394-B7DB-484D139D9973}.Release|Any CPU.ActiveCfg = Release|Any CPU
		{CED3C3A6-D7F6-4394-B7DB-484D139D9973}.Release|Any CPU.Build.0 = Release|Any CPU
		{3B690D56-5766-4FF7-B417-BA9514A82044}.Debug|Any CPU.ActiveCfg = Debug|Any CPU
		{3B690D56-5766-4FF7-B417-BA9514A82044}.Debug|Any CPU.Build.0 = Debug|Any CPU
		{3B690D56-5766-4FF7-B417-BA9514A82044}.Release|Any CPU.ActiveCfg = Release|Any CPU
		{3B690D56-5766-4FF7-B417-BA9514A82044}.Release|Any CPU.Build.0 = Release|Any CPU
	EndGlobalSection
	GlobalSection(SolutionProperties) = preSolution
		HideSolutionNode = FALSE
	EndGlobalSection
	GlobalSection(ExtensibilityGlobals) = postSolution
		SolutionGuid = {488EDDFC-21F4-499A-8A79-5B1BEBACB109}
	EndGlobalSection
EndGlobal
