
Microsoft Visual Studio Solution File, Format Version 12.00
# Visual Studio Version 16
VisualStudioVersion = 16.0.30413.136
MinimumVisualStudioVersion = 10.0.40219.1
Project("{9A19103F-16F7-4668-BE54-9A1E7A4F7556}") = "Task_1", "Task_1\Task_1.csproj", "{DCACF993-7DCC-4169-AD79-A1B3CFCEEC0C}"
EndProject
Project("{9A19103F-16F7-4668-BE54-9A1E7A4F7556}") = "Task_2", "Task_2\Task_2.csproj", "{8EC9E84C-36BE-421E-8E5D-B49A3C04AEB3}"
EndProject
Project("{FAE04EC0-301F-11D3-BF4B-00C04F79EFBC}") = "Task_4", "Task_4\Task_4.csproj", "{FA106700-77B7-4A47-A78B-3B496BB698D4}"
EndProject
Project("{FAE04EC0-301F-11D3-BF4B-00C04F79EFBC}") = "Task_5", "Task_5\Task_5.csproj", "{BE31DD27-373F-4D68-AE84-2C8CA0FDEA77}"
EndProject
Global
	GlobalSection(SolutionConfigurationPlatforms) = preSolution
		Debug|Any CPU = Debug|Any CPU
		Release|Any CPU = Release|Any CPU
	EndGlobalSection
	GlobalSection(ProjectConfigurationPlatforms) = postSolution
		{DCACF993-7DCC-4169-AD79-A1B3CFCEEC0C}.Debug|Any CPU.ActiveCfg = Debug|Any CPU
		{DCACF993-7DCC-4169-AD79-A1B3CFCEEC0C}.Debug|Any CPU.Build.0 = Debug|Any CPU
		{DCACF993-7DCC-4169-AD79-A1B3CFCEEC0C}.Release|Any CPU.ActiveCfg = Release|Any CPU
		{DCACF993-7DCC-4169-AD79-A1B3CFCEEC0C}.Release|Any CPU.Build.0 = Release|Any CPU
		{8EC9E84C-36BE-421E-8E5D-B49A3C04AEB3}.Debug|Any CPU.ActiveCfg = Debug|Any CPU
		{8EC9E84C-36BE-421E-8E5D-B49A3C04AEB3}.Debug|Any CPU.Build.0 = Debug|Any CPU
		{8EC9E84C-36BE-421E-8E5D-B49A3C04AEB3}.Release|Any CPU.ActiveCfg = Release|Any CPU
		{8EC9E84C-36BE-421E-8E5D-B49A3C04AEB3}.Release|Any CPU.Build.0 = Release|Any CPU
		{FA106700-77B7-4A47-A78B-3B496BB698D4}.Debug|Any CPU.ActiveCfg = Debug|Any CPU
		{FA106700-77B7-4A47-A78B-3B496BB698D4}.Debug|Any CPU.Build.0 = Debug|Any CPU
		{FA106700-77B7-4A47-A78B-3B496BB698D4}.Release|Any CPU.ActiveCfg = Release|Any CPU
		{FA106700-77B7-4A47-A78B-3B496BB698D4}.Release|Any CPU.Build.0 = Release|Any CPU
		{BE31DD27-373F-4D68-AE84-2C8CA0FDEA77}.Debug|Any CPU.ActiveCfg = Debug|Any CPU
		{BE31DD27-373F-4D68-AE84-2C8CA0FDEA77}.Debug|Any CPU.Build.0 = Debug|Any CPU
		{BE31DD27-373F-4D68-AE84-2C8CA0FDEA77}.Release|Any CPU.ActiveCfg = Release|Any CPU
		{BE31DD27-373F-4D68-AE84-2C8CA0FDEA77}.Release|Any CPU.Build.0 = Release|Any CPU
	EndGlobalSection
	GlobalSection(SolutionProperties) = preSolution
		HideSolutionNode = FALSE
	EndGlobalSection
	GlobalSection(ExtensibilityGlobals) = postSolution
		SolutionGuid = {6A54C591-8519-4DD3-A050-92E564506461}
	EndGlobalSection
EndGlobal
